// !$*UTF8*$!
{
	archiveVersion = 1;
	classes = {
	};
	objectVersion = 56;
	objects = {

/* Begin PBXBuildFile section */
		D20773632C48047E00642B9E /* exersice.swift in Sources */ = {isa = PBXBuildFile; fileRef = D20773622C48047E00642B9E /* exersice.swift */; };
		D20773652C48048800642B9E /* schedule.swift in Sources */ = {isa = PBXBuildFile; fileRef = D20773642C48048800642B9E /* schedule.swift */; };
		D20773672C4804EE00642B9E /* ExersiceViewModel.swift in Sources */ = {isa = PBXBuildFile; fileRef = D20773662C4804EE00642B9E /* ExersiceViewModel.swift */; };
		D20773692C4806E000642B9E /* InfomationViewModel.swift in Sources */ = {isa = PBXBuildFile; fileRef = D20773682C4806E000642B9E /* InfomationViewModel.swift */; };
		D207736B2C4812FA00642B9E /* ExersiceListView.swift in Sources */ = {isa = PBXBuildFile; fileRef = D207736A2C4812FA00642B9E /* ExersiceListView.swift */; };
		D207736D2C48130500642B9E /* DetailExersice.swift in Sources */ = {isa = PBXBuildFile; fileRef = D207736C2C48130500642B9E /* DetailExersice.swift */; };
		D207736F2C48136400642B9E /* ExersiceItemView.swift in Sources */ = {isa = PBXBuildFile; fileRef = D207736E2C48136400642B9E /* ExersiceItemView.swift */; };
		D20773712C481B9800642B9E /* ScheduleViewModel.swift in Sources */ = {isa = PBXBuildFile; fileRef = D20773702C481B9800642B9E /* ScheduleViewModel.swift */; };
		D208BAB72C44A977008BB9E5 /* loginView.swift in Sources */ = {isa = PBXBuildFile; fileRef = D208BAB62C44A977008BB9E5 /* loginView.swift */; };
		D208BAB92C44AD2B008BB9E5 /* login.swift in Sources */ = {isa = PBXBuildFile; fileRef = D208BAB82C44AD2B008BB9E5 /* login.swift */; };
		D208BABB2C44AD58008BB9E5 /* LoginViewModel.swift in Sources */ = {isa = PBXBuildFile; fileRef = D208BABA2C44AD58008BB9E5 /* LoginViewModel.swift */; };
		D208BABD2C44AEB8008BB9E5 /* enum.swift in Sources */ = {isa = PBXBuildFile; fileRef = D208BABC2C44AEB8008BB9E5 /* enum.swift */; };
		D208BABF2C44AF5D008BB9E5 /* Register.swift in Sources */ = {isa = PBXBuildFile; fileRef = D208BABE2C44AF5D008BB9E5 /* Register.swift */; };
		D208BAC22C44B18F008BB9E5 /* registerView.swift in Sources */ = {isa = PBXBuildFile; fileRef = D208BAC12C44B18F008BB9E5 /* registerView.swift */; };
		D208BAC52C44B4E7008BB9E5 /* homeView.swift in Sources */ = {isa = PBXBuildFile; fileRef = D208BAC42C44B4E7008BB9E5 /* homeView.swift */; };
		D208BAC72C44C19D008BB9E5 /* RegisterViewModel.swift in Sources */ = {isa = PBXBuildFile; fileRef = D208BAC62C44C19D008BB9E5 /* RegisterViewModel.swift */; };
		D208BAC92C455C27008BB9E5 /* resetpassword.swift in Sources */ = {isa = PBXBuildFile; fileRef = D208BAC82C455C27008BB9E5 /* resetpassword.swift */; };
		D208BACB2C455C3E008BB9E5 /* ResetPasswordViewModel.swift in Sources */ = {isa = PBXBuildFile; fileRef = D208BACA2C455C3E008BB9E5 /* ResetPasswordViewModel.swift */; };
		D208BACE2C455E26008BB9E5 /* RequestResetPasswordView.swift in Sources */ = {isa = PBXBuildFile; fileRef = D208BACD2C455E26008BB9E5 /* RequestResetPasswordView.swift */; };
		D208BAD02C455E36008BB9E5 /* ConfirmResetView.swift in Sources */ = {isa = PBXBuildFile; fileRef = D208BACF2C455E36008BB9E5 /* ConfirmResetView.swift */; };
		D208BAD32C455E53008BB9E5 /* WelcomeView.swift in Sources */ = {isa = PBXBuildFile; fileRef = D208BAD22C455E53008BB9E5 /* WelcomeView.swift */; };
		D208BAD52C457146008BB9E5 /* Tabbarcustom.swift in Sources */ = {isa = PBXBuildFile; fileRef = D208BAD42C457146008BB9E5 /* Tabbarcustom.swift */; };
		D21722342C4769CA00F30627 /* Health.swift in Sources */ = {isa = PBXBuildFile; fileRef = D21722332C4769CA00F30627 /* Health.swift */; };
		D21722362C4769E600F30627 /* HealthView.swift in Sources */ = {isa = PBXBuildFile; fileRef = D21722352C4769E600F30627 /* HealthView.swift */; };
		D21722382C47733D00F30627 /* LoadingView.swift in Sources */ = {isa = PBXBuildFile; fileRef = D21722372C47733D00F30627 /* LoadingView.swift */; };
		D21959A22C4DF5C700649B01 /* MessageView.swift in Sources */ = {isa = PBXBuildFile; fileRef = D21959A12C4DF5C700649B01 /* MessageView.swift */; };
		D21959A42C4DF60400649B01 /* message.swift in Sources */ = {isa = PBXBuildFile; fileRef = D21959A32C4DF60400649B01 /* message.swift */; };
		D21959A62C4DFE1F00649B01 /* ConversionView.swift in Sources */ = {isa = PBXBuildFile; fileRef = D21959A52C4DFE1F00649B01 /* ConversionView.swift */; };
		D21959A82C4DFED000649B01 /* MessageViewModel.swift in Sources */ = {isa = PBXBuildFile; fileRef = D21959A72C4DFED000649B01 /* MessageViewModel.swift */; };
		D21959AA2C4DFF1300649B01 /* ConvertionViewModel.swift in Sources */ = {isa = PBXBuildFile; fileRef = D21959A92C4DFF1300649B01 /* ConvertionViewModel.swift */; };
		D21959AC2C4E051900649B01 /* ItemConversationListView.swift in Sources */ = {isa = PBXBuildFile; fileRef = D21959AB2C4E051900649B01 /* ItemConversationListView.swift */; };
		D21959AE2C4E147700649B01 /* CreateNewConversationView.swift in Sources */ = {isa = PBXBuildFile; fileRef = D21959AD2C4E147700649B01 /* CreateNewConversationView.swift */; };
		D2210A592C4AB89800B55D04 /* DetailExersiceUpdateView.swift in Sources */ = {isa = PBXBuildFile; fileRef = D2210A582C4AB89800B55D04 /* DetailExersiceUpdateView.swift */; };
		D2210A5B2C4AC0DA00B55D04 /* NewScheduleView.swift in Sources */ = {isa = PBXBuildFile; fileRef = D2210A5A2C4AC0DA00B55D04 /* NewScheduleView.swift */; };
		D2210A5D2C4AC0F200B55D04 /* ListScheduleView.swift in Sources */ = {isa = PBXBuildFile; fileRef = D2210A5C2C4AC0F200B55D04 /* ListScheduleView.swift */; };
		D238DBCC2C47BCA1008B9485 /* DetailFoodUpdateView.swift in Sources */ = {isa = PBXBuildFile; fileRef = D238DBCB2C47BCA1008B9485 /* DetailFoodUpdateView.swift */; };
		D23C036C2C48A35D0096DA92 /* SmallCalendar.swift in Sources */ = {isa = PBXBuildFile; fileRef = D23C036B2C48A35D0096DA92 /* SmallCalendar.swift */; };
		D23C036E2C48A3BC0096DA92 /* DatePicker.swift in Sources */ = {isa = PBXBuildFile; fileRef = D23C036D2C48A3BC0096DA92 /* DatePicker.swift */; };
		D259E4D02C53F3DA00905774 /* HomeTip.swift in Sources */ = {isa = PBXBuildFile; fileRef = D259E4CF2C53F3DA00905774 /* HomeTip.swift */; };
		D259E4D22C53F63400905774 /* TipViewModel.swift in Sources */ = {isa = PBXBuildFile; fileRef = D259E4D12C53F63400905774 /* TipViewModel.swift */; };
		D259E4D42C5400AB00905774 /* OnboardingView.swift in Sources */ = {isa = PBXBuildFile; fileRef = D259E4D32C5400AB00905774 /* OnboardingView.swift */; };
		D260C1792C4C9FF600592A43 /* LikeModelView.swift in Sources */ = {isa = PBXBuildFile; fileRef = D260C1782C4C9FF600592A43 /* LikeModelView.swift */; };
		D260C17B2C4CA89900592A43 /* CommentViewModel.swift in Sources */ = {isa = PBXBuildFile; fileRef = D260C17A2C4CA89900592A43 /* CommentViewModel.swift */; };
		D260C17D2C4CB60700592A43 /* PhotoPicker.swift in Sources */ = {isa = PBXBuildFile; fileRef = D260C17C2C4CB60700592A43 /* PhotoPicker.swift */; };
		D260C17F2C4CFBA500592A43 /* CreateNewPostSide.swift in Sources */ = {isa = PBXBuildFile; fileRef = D260C17E2C4CFBA500592A43 /* CreateNewPostSide.swift */; };
		D260C1812C4D01C600592A43 /* CommentView.swift in Sources */ = {isa = PBXBuildFile; fileRef = D260C1802C4D01C600592A43 /* CommentView.swift */; };
		D2673DC32C46B83A00685A06 /* food.swift in Sources */ = {isa = PBXBuildFile; fileRef = D2673DC22C46B83A00685A06 /* food.swift */; };
		D2673DC52C46B88100685A06 /* FoodViewModel.swift in Sources */ = {isa = PBXBuildFile; fileRef = D2673DC42C46B88100685A06 /* FoodViewModel.swift */; };
		D2673DC72C46B89D00685A06 /* FoodListView.swift in Sources */ = {isa = PBXBuildFile; fileRef = D2673DC62C46B89D00685A06 /* FoodListView.swift */; };
		D2673DC92C46B8A700685A06 /* FoodItemView.swift in Sources */ = {isa = PBXBuildFile; fileRef = D2673DC82C46B8A700685A06 /* FoodItemView.swift */; };
		D2673DCB2C46B8B500685A06 /* DetailFoodView.swift in Sources */ = {isa = PBXBuildFile; fileRef = D2673DCA2C46B8B500685A06 /* DetailFoodView.swift */; };
		D27DF81A2C49EFE000972820 /* post.swift in Sources */ = {isa = PBXBuildFile; fileRef = D27DF8192C49EFE000972820 /* post.swift */; };
		D27DF81C2C49EFE800972820 /* like.swift in Sources */ = {isa = PBXBuildFile; fileRef = D27DF81B2C49EFE800972820 /* like.swift */; };
		D27DF81E2C49EFF700972820 /* comment.swift in Sources */ = {isa = PBXBuildFile; fileRef = D27DF81D2C49EFF700972820 /* comment.swift */; };
		D27DF8202C49F08800972820 /* Websocket.swift in Sources */ = {isa = PBXBuildFile; fileRef = D27DF81F2C49F08800972820 /* Websocket.swift */; };
		D27DF8222C49F12E00972820 /* WebsocketViewModel.swift in Sources */ = {isa = PBXBuildFile; fileRef = D27DF8212C49F12E00972820 /* WebsocketViewModel.swift */; };
		D27DF8242C4A52A300972820 /* PostViewModel.swift in Sources */ = {isa = PBXBuildFile; fileRef = D27DF8232C4A52A300972820 /* PostViewModel.swift */; };
		D27DF8262C4A5A4E00972820 /* user.swift in Sources */ = {isa = PBXBuildFile; fileRef = D27DF8252C4A5A4E00972820 /* user.swift */; };
		D27DF8282C4A5A7C00972820 /* UserViewModel.swift in Sources */ = {isa = PBXBuildFile; fileRef = D27DF8272C4A5A7C00972820 /* UserViewModel.swift */; };
		D2B32AA52C383230009E0C56 /* Localizable.strings in Resources */ = {isa = PBXBuildFile; fileRef = D2B32AA42C383230009E0C56 /* Localizable.strings */; };
		D2B884902C4D4C5400EC8DD6 /* ImageViewModel.swift in Sources */ = {isa = PBXBuildFile; fileRef = D2B8848F2C4D4C5400EC8DD6 /* ImageViewModel.swift */; };
		D2B884922C4D4C7600EC8DD6 /* Photo.swift in Sources */ = {isa = PBXBuildFile; fileRef = D2B884912C4D4C7600EC8DD6 /* Photo.swift */; };
		D2B884942C4D54B300EC8DD6 /* UpdatePostView.swift in Sources */ = {isa = PBXBuildFile; fileRef = D2B884932C4D54B300EC8DD6 /* UpdatePostView.swift */; };
		D2B884962C4D55C300EC8DD6 /* ItemCommentView.swift in Sources */ = {isa = PBXBuildFile; fileRef = D2B884952C4D55C300EC8DD6 /* ItemCommentView.swift */; };
		D2C2F67F2C524227007CAA8E /* AnimatedPlaceHolder.swift in Sources */ = {isa = PBXBuildFile; fileRef = D2C2F67E2C524227007CAA8E /* AnimatedPlaceHolder.swift */; };
		D2C3AD682C4F3A53000C0445 /* FloatingPickerView.swift in Sources */ = {isa = PBXBuildFile; fileRef = D2C3AD672C4F3A53000C0445 /* FloatingPickerView.swift */; };
		D2C3AD6A2C4F3A72000C0445 /* ChartsCustom.swift in Sources */ = {isa = PBXBuildFile; fileRef = D2C3AD692C4F3A72000C0445 /* ChartsCustom.swift */; };
		D2C3AD6C2C4F3AA7000C0445 /* TabbarView.swift in Sources */ = {isa = PBXBuildFile; fileRef = D2C3AD6B2C4F3AA7000C0445 /* TabbarView.swift */; };
		D2C3AD6E2C4F3D02000C0445 /* CustomProgressView.swift in Sources */ = {isa = PBXBuildFile; fileRef = D2C3AD6D2C4F3D02000C0445 /* CustomProgressView.swift */; };
		D2C3AD702C4F6DE5000C0445 /* AlarmView.swift in Sources */ = {isa = PBXBuildFile; fileRef = D2C3AD6F2C4F6DE5000C0445 /* AlarmView.swift */; };
		D2C3AD722C4F7089000C0445 /* Reminder.swift in Sources */ = {isa = PBXBuildFile; fileRef = D2C3AD712C4F7089000C0445 /* Reminder.swift */; };
		D2C3AD742C4F71DE000C0445 /* ReminderModelView.swift in Sources */ = {isa = PBXBuildFile; fileRef = D2C3AD732C4F71DE000C0445 /* ReminderModelView.swift */; };
		D2C3AD762C4F74B8000C0445 /* ExersiceListCreateView.swift in Sources */ = {isa = PBXBuildFile; fileRef = D2C3AD752C4F74B8000C0445 /* ExersiceListCreateView.swift */; };
		D2C3AD782C4F7520000C0445 /* DetailExersiceCreateView.swift in Sources */ = {isa = PBXBuildFile; fileRef = D2C3AD772C4F7520000C0445 /* DetailExersiceCreateView.swift */; };
		D2CBF99D2C4B4E0E0001D471 /* common.swift in Sources */ = {isa = PBXBuildFile; fileRef = D2CBF99C2C4B4E0E0001D471 /* common.swift */; };
		D2CBF99F2C4B575D0001D471 /* PostView.swift in Sources */ = {isa = PBXBuildFile; fileRef = D2CBF99E2C4B575D0001D471 /* PostView.swift */; };
		D2CBF9A12C4B57800001D471 /* image.swift in Sources */ = {isa = PBXBuildFile; fileRef = D2CBF9A02C4B57800001D471 /* image.swift */; };
		D2CDBF1E2C460A6A00013370 /* dishView.swift in Sources */ = {isa = PBXBuildFile; fileRef = D2CDBF1D2C460A6A00013370 /* dishView.swift */; };
		D2CDBF212C460A7D00013370 /* exersiceView.swift in Sources */ = {isa = PBXBuildFile; fileRef = D2CDBF202C460A7D00013370 /* exersiceView.swift */; };
		D2CDBF242C460A8B00013370 /* contentView.swift in Sources */ = {isa = PBXBuildFile; fileRef = D2CDBF232C460A8B00013370 /* contentView.swift */; };
		D2CDBF272C460A9B00013370 /* chatView.swift in Sources */ = {isa = PBXBuildFile; fileRef = D2CDBF262C460A9B00013370 /* chatView.swift */; };
		D2CDBF2B2C460AAF00013370 /* profileView.swift in Sources */ = {isa = PBXBuildFile; fileRef = D2CDBF2A2C460AAF00013370 /* profileView.swift */; };
		D2CDBF2E2C464F7800013370 /* meal.swift in Sources */ = {isa = PBXBuildFile; fileRef = D2CDBF2D2C464F7800013370 /* meal.swift */; };
		D2CDBF302C4653D000013370 /* MealViewModel.swift in Sources */ = {isa = PBXBuildFile; fileRef = D2CDBF2F2C4653D000013370 /* MealViewModel.swift */; };
		D2D1688F2C588A5700D51394 /* SettingView.swift in Sources */ = {isa = PBXBuildFile; fileRef = D2D1688E2C588A5700D51394 /* SettingView.swift */; };
		D2DDC5AE2C660F7E0020DDC0 /* FindWithBarcode.swift in Sources */ = {isa = PBXBuildFile; fileRef = D2DDC5AD2C660F7E0020DDC0 /* FindWithBarcode.swift */; };
		D2E6BBC22C4E99500049B77A /* ProfileViewOrtherUserView.swift in Sources */ = {isa = PBXBuildFile; fileRef = D2E6BBC12C4E99500049B77A /* ProfileViewOrtherUserView.swift */; };
		D2E6BBC42C4E9C820049B77A /* UserUpdateView.swift in Sources */ = {isa = PBXBuildFile; fileRef = D2E6BBC32C4E9C820049B77A /* UserUpdateView.swift */; };
		D2E906372C59E2F70092FD01 /* LikesHistoryView.swift in Sources */ = {isa = PBXBuildFile; fileRef = D2E906362C59E2F70092FD01 /* LikesHistoryView.swift */; };
		D2EA70852C359939005CC9D1 /* AppSocialHealthApp.swift in Sources */ = {isa = PBXBuildFile; fileRef = D2EA70842C359939005CC9D1 /* AppSocialHealthApp.swift */; };
		D2EA70872C359939005CC9D1 /* ContentView.swift in Sources */ = {isa = PBXBuildFile; fileRef = D2EA70862C359939005CC9D1 /* ContentView.swift */; };
		D2EA708C2C35993C005CC9D1 /* Preview Assets.xcassets in Resources */ = {isa = PBXBuildFile; fileRef = D2EA708B2C35993C005CC9D1 /* Preview Assets.xcassets */; };
		D2EA70962C35993D005CC9D1 /* AppSocialHealthTests.swift in Sources */ = {isa = PBXBuildFile; fileRef = D2EA70952C35993D005CC9D1 /* AppSocialHealthTests.swift */; };
		D2EA70A02C35993D005CC9D1 /* AppSocialHealthUITests.swift in Sources */ = {isa = PBXBuildFile; fileRef = D2EA709F2C35993D005CC9D1 /* AppSocialHealthUITests.swift */; };
		D2EA70A22C35993D005CC9D1 /* AppSocialHealthUITestsLaunchTests.swift in Sources */ = {isa = PBXBuildFile; fileRef = D2EA70A12C35993D005CC9D1 /* AppSocialHealthUITestsLaunchTests.swift */; };
		D2F0E9812C5484EE00051D14 /* Assets.xcassets in Resources */ = {isa = PBXBuildFile; fileRef = D2F0E9802C5484EE00051D14 /* Assets.xcassets */; };
/* End PBXBuildFile section */

/* Begin PBXContainerItemProxy section */
		D2EA70922C35993D005CC9D1 /* PBXContainerItemProxy */ = {
			isa = PBXContainerItemProxy;
			containerPortal = D2EA70792C359939005CC9D1 /* Project object */;
			proxyType = 1;
			remoteGlobalIDString = D2EA70802C359939005CC9D1;
			remoteInfo = AppSocialHealth;
		};
		D2EA709C2C35993D005CC9D1 /* PBXContainerItemProxy */ = {
			isa = PBXContainerItemProxy;
			containerPortal = D2EA70792C359939005CC9D1 /* Project object */;
			proxyType = 1;
			remoteGlobalIDString = D2EA70802C359939005CC9D1;
			remoteInfo = AppSocialHealth;
		};
/* End PBXContainerItemProxy section */

/* Begin PBXFileReference section */
		D20773622C48047E00642B9E /* exersice.swift */ = {isa = PBXFileReference; lastKnownFileType = sourcecode.swift; path = exersice.swift; sourceTree = "<group>"; };
		D20773642C48048800642B9E /* schedule.swift */ = {isa = PBXFileReference; lastKnownFileType = sourcecode.swift; path = schedule.swift; sourceTree = "<group>"; };
		D20773662C4804EE00642B9E /* ExersiceViewModel.swift */ = {isa = PBXFileReference; lastKnownFileType = sourcecode.swift; path = ExersiceViewModel.swift; sourceTree = "<group>"; };
		D20773682C4806E000642B9E /* InfomationViewModel.swift */ = {isa = PBXFileReference; lastKnownFileType = sourcecode.swift; path = InfomationViewModel.swift; sourceTree = "<group>"; };
		D207736A2C4812FA00642B9E /* ExersiceListView.swift */ = {isa = PBXFileReference; lastKnownFileType = sourcecode.swift; path = ExersiceListView.swift; sourceTree = "<group>"; };
		D207736C2C48130500642B9E /* DetailExersice.swift */ = {isa = PBXFileReference; lastKnownFileType = sourcecode.swift; path = DetailExersice.swift; sourceTree = "<group>"; };
		D207736E2C48136400642B9E /* ExersiceItemView.swift */ = {isa = PBXFileReference; lastKnownFileType = sourcecode.swift; path = ExersiceItemView.swift; sourceTree = "<group>"; };
		D20773702C481B9800642B9E /* ScheduleViewModel.swift */ = {isa = PBXFileReference; lastKnownFileType = sourcecode.swift; path = ScheduleViewModel.swift; sourceTree = "<group>"; };
		D208BAB62C44A977008BB9E5 /* loginView.swift */ = {isa = PBXFileReference; lastKnownFileType = sourcecode.swift; path = loginView.swift; sourceTree = "<group>"; };
		D208BAB82C44AD2B008BB9E5 /* login.swift */ = {isa = PBXFileReference; lastKnownFileType = sourcecode.swift; path = login.swift; sourceTree = "<group>"; };
		D208BABA2C44AD58008BB9E5 /* LoginViewModel.swift */ = {isa = PBXFileReference; lastKnownFileType = sourcecode.swift; path = LoginViewModel.swift; sourceTree = "<group>"; };
		D208BABC2C44AEB8008BB9E5 /* enum.swift */ = {isa = PBXFileReference; lastKnownFileType = sourcecode.swift; path = enum.swift; sourceTree = "<group>"; };
		D208BABE2C44AF5D008BB9E5 /* Register.swift */ = {isa = PBXFileReference; lastKnownFileType = sourcecode.swift; path = Register.swift; sourceTree = "<group>"; };
		D208BAC12C44B18F008BB9E5 /* registerView.swift */ = {isa = PBXFileReference; lastKnownFileType = sourcecode.swift; path = registerView.swift; sourceTree = "<group>"; };
		D208BAC42C44B4E7008BB9E5 /* homeView.swift */ = {isa = PBXFileReference; lastKnownFileType = sourcecode.swift; path = homeView.swift; sourceTree = "<group>"; };
		D208BAC62C44C19D008BB9E5 /* RegisterViewModel.swift */ = {isa = PBXFileReference; lastKnownFileType = sourcecode.swift; path = RegisterViewModel.swift; sourceTree = "<group>"; };
		D208BAC82C455C27008BB9E5 /* resetpassword.swift */ = {isa = PBXFileReference; lastKnownFileType = sourcecode.swift; path = resetpassword.swift; sourceTree = "<group>"; };
		D208BACA2C455C3E008BB9E5 /* ResetPasswordViewModel.swift */ = {isa = PBXFileReference; lastKnownFileType = sourcecode.swift; path = ResetPasswordViewModel.swift; sourceTree = "<group>"; };
		D208BACD2C455E26008BB9E5 /* RequestResetPasswordView.swift */ = {isa = PBXFileReference; lastKnownFileType = sourcecode.swift; path = RequestResetPasswordView.swift; sourceTree = "<group>"; };
		D208BACF2C455E36008BB9E5 /* ConfirmResetView.swift */ = {isa = PBXFileReference; lastKnownFileType = sourcecode.swift; path = ConfirmResetView.swift; sourceTree = "<group>"; };
		D208BAD22C455E53008BB9E5 /* WelcomeView.swift */ = {isa = PBXFileReference; lastKnownFileType = sourcecode.swift; path = WelcomeView.swift; sourceTree = "<group>"; };
		D208BAD42C457146008BB9E5 /* Tabbarcustom.swift */ = {isa = PBXFileReference; lastKnownFileType = sourcecode.swift; path = Tabbarcustom.swift; sourceTree = "<group>"; };
		D21722312C47687000F30627 /* AppSocialHealth.entitlements */ = {isa = PBXFileReference; lastKnownFileType = text.plist.entitlements; path = AppSocialHealth.entitlements; sourceTree = "<group>"; };
		D21722322C4768D700F30627 /* Info.plist */ = {isa = PBXFileReference; lastKnownFileType = text.plist; path = Info.plist; sourceTree = "<group>"; };
		D21722332C4769CA00F30627 /* Health.swift */ = {isa = PBXFileReference; lastKnownFileType = sourcecode.swift; path = Health.swift; sourceTree = "<group>"; };
		D21722352C4769E600F30627 /* HealthView.swift */ = {isa = PBXFileReference; lastKnownFileType = sourcecode.swift; path = HealthView.swift; sourceTree = "<group>"; };
		D21722372C47733D00F30627 /* LoadingView.swift */ = {isa = PBXFileReference; lastKnownFileType = sourcecode.swift; path = LoadingView.swift; sourceTree = "<group>"; };
		D21959A12C4DF5C700649B01 /* MessageView.swift */ = {isa = PBXFileReference; lastKnownFileType = sourcecode.swift; path = MessageView.swift; sourceTree = "<group>"; };
		D21959A32C4DF60400649B01 /* message.swift */ = {isa = PBXFileReference; lastKnownFileType = sourcecode.swift; path = message.swift; sourceTree = "<group>"; };
		D21959A52C4DFE1F00649B01 /* ConversionView.swift */ = {isa = PBXFileReference; lastKnownFileType = sourcecode.swift; path = ConversionView.swift; sourceTree = "<group>"; };
		D21959A72C4DFED000649B01 /* MessageViewModel.swift */ = {isa = PBXFileReference; lastKnownFileType = sourcecode.swift; path = MessageViewModel.swift; sourceTree = "<group>"; };
		D21959A92C4DFF1300649B01 /* ConvertionViewModel.swift */ = {isa = PBXFileReference; lastKnownFileType = sourcecode.swift; path = ConvertionViewModel.swift; sourceTree = "<group>"; };
		D21959AB2C4E051900649B01 /* ItemConversationListView.swift */ = {isa = PBXFileReference; lastKnownFileType = sourcecode.swift; path = ItemConversationListView.swift; sourceTree = "<group>"; };
		D21959AD2C4E147700649B01 /* CreateNewConversationView.swift */ = {isa = PBXFileReference; lastKnownFileType = sourcecode.swift; path = CreateNewConversationView.swift; sourceTree = "<group>"; };
		D2210A582C4AB89800B55D04 /* DetailExersiceUpdateView.swift */ = {isa = PBXFileReference; lastKnownFileType = sourcecode.swift; path = DetailExersiceUpdateView.swift; sourceTree = "<group>"; };
		D2210A5A2C4AC0DA00B55D04 /* NewScheduleView.swift */ = {isa = PBXFileReference; lastKnownFileType = sourcecode.swift; path = NewScheduleView.swift; sourceTree = "<group>"; };
		D2210A5C2C4AC0F200B55D04 /* ListScheduleView.swift */ = {isa = PBXFileReference; lastKnownFileType = sourcecode.swift; path = ListScheduleView.swift; sourceTree = "<group>"; };
		D238DBCB2C47BCA1008B9485 /* DetailFoodUpdateView.swift */ = {isa = PBXFileReference; lastKnownFileType = sourcecode.swift; path = DetailFoodUpdateView.swift; sourceTree = "<group>"; };
		D23C036B2C48A35D0096DA92 /* SmallCalendar.swift */ = {isa = PBXFileReference; lastKnownFileType = sourcecode.swift; path = SmallCalendar.swift; sourceTree = "<group>"; };
		D23C036D2C48A3BC0096DA92 /* DatePicker.swift */ = {isa = PBXFileReference; lastKnownFileType = sourcecode.swift; path = DatePicker.swift; sourceTree = "<group>"; };
		D259E4CF2C53F3DA00905774 /* HomeTip.swift */ = {isa = PBXFileReference; lastKnownFileType = sourcecode.swift; path = HomeTip.swift; sourceTree = "<group>"; };
		D259E4D12C53F63400905774 /* TipViewModel.swift */ = {isa = PBXFileReference; lastKnownFileType = sourcecode.swift; path = TipViewModel.swift; sourceTree = "<group>"; };
		D259E4D32C5400AB00905774 /* OnboardingView.swift */ = {isa = PBXFileReference; lastKnownFileType = sourcecode.swift; path = OnboardingView.swift; sourceTree = "<group>"; };
		D260C1782C4C9FF600592A43 /* LikeModelView.swift */ = {isa = PBXFileReference; lastKnownFileType = sourcecode.swift; path = LikeModelView.swift; sourceTree = "<group>"; };
		D260C17A2C4CA89900592A43 /* CommentViewModel.swift */ = {isa = PBXFileReference; lastKnownFileType = sourcecode.swift; path = CommentViewModel.swift; sourceTree = "<group>"; };
		D260C17C2C4CB60700592A43 /* PhotoPicker.swift */ = {isa = PBXFileReference; lastKnownFileType = sourcecode.swift; path = PhotoPicker.swift; sourceTree = "<group>"; };
		D260C17E2C4CFBA500592A43 /* CreateNewPostSide.swift */ = {isa = PBXFileReference; lastKnownFileType = sourcecode.swift; path = CreateNewPostSide.swift; sourceTree = "<group>"; };
		D260C1802C4D01C600592A43 /* CommentView.swift */ = {isa = PBXFileReference; lastKnownFileType = sourcecode.swift; path = CommentView.swift; sourceTree = "<group>"; };
		D2673DC22C46B83A00685A06 /* food.swift */ = {isa = PBXFileReference; lastKnownFileType = sourcecode.swift; path = food.swift; sourceTree = "<group>"; };
		D2673DC42C46B88100685A06 /* FoodViewModel.swift */ = {isa = PBXFileReference; lastKnownFileType = sourcecode.swift; path = FoodViewModel.swift; sourceTree = "<group>"; };
		D2673DC62C46B89D00685A06 /* FoodListView.swift */ = {isa = PBXFileReference; lastKnownFileType = sourcecode.swift; path = FoodListView.swift; sourceTree = "<group>"; };
		D2673DC82C46B8A700685A06 /* FoodItemView.swift */ = {isa = PBXFileReference; lastKnownFileType = sourcecode.swift; path = FoodItemView.swift; sourceTree = "<group>"; };
		D2673DCA2C46B8B500685A06 /* DetailFoodView.swift */ = {isa = PBXFileReference; lastKnownFileType = sourcecode.swift; path = DetailFoodView.swift; sourceTree = "<group>"; };
		D27DF8192C49EFE000972820 /* post.swift */ = {isa = PBXFileReference; lastKnownFileType = sourcecode.swift; path = post.swift; sourceTree = "<group>"; };
		D27DF81B2C49EFE800972820 /* like.swift */ = {isa = PBXFileReference; lastKnownFileType = sourcecode.swift; path = like.swift; sourceTree = "<group>"; };
		D27DF81D2C49EFF700972820 /* comment.swift */ = {isa = PBXFileReference; lastKnownFileType = sourcecode.swift; path = comment.swift; sourceTree = "<group>"; };
		D27DF81F2C49F08800972820 /* Websocket.swift */ = {isa = PBXFileReference; lastKnownFileType = sourcecode.swift; path = Websocket.swift; sourceTree = "<group>"; };
		D27DF8212C49F12E00972820 /* WebsocketViewModel.swift */ = {isa = PBXFileReference; lastKnownFileType = sourcecode.swift; path = WebsocketViewModel.swift; sourceTree = "<group>"; };
		D27DF8232C4A52A300972820 /* PostViewModel.swift */ = {isa = PBXFileReference; lastKnownFileType = sourcecode.swift; path = PostViewModel.swift; sourceTree = "<group>"; };
		D27DF8252C4A5A4E00972820 /* user.swift */ = {isa = PBXFileReference; lastKnownFileType = sourcecode.swift; path = user.swift; sourceTree = "<group>"; };
		D27DF8272C4A5A7C00972820 /* UserViewModel.swift */ = {isa = PBXFileReference; lastKnownFileType = sourcecode.swift; path = UserViewModel.swift; sourceTree = "<group>"; };
		D2B32AA32C383230009E0C56 /* en */ = {isa = PBXFileReference; lastKnownFileType = text.plist.strings; name = en; path = en.lproj/Localizable.strings; sourceTree = "<group>"; };
		D2B32AA82C38326E009E0C56 /* vi */ = {isa = PBXFileReference; lastKnownFileType = text.plist.strings; name = vi; path = vi.lproj/Localizable.strings; sourceTree = "<group>"; };
		D2B8848F2C4D4C5400EC8DD6 /* ImageViewModel.swift */ = {isa = PBXFileReference; lastKnownFileType = sourcecode.swift; path = ImageViewModel.swift; sourceTree = "<group>"; };
		D2B884912C4D4C7600EC8DD6 /* Photo.swift */ = {isa = PBXFileReference; lastKnownFileType = sourcecode.swift; path = Photo.swift; sourceTree = "<group>"; };
		D2B884932C4D54B300EC8DD6 /* UpdatePostView.swift */ = {isa = PBXFileReference; lastKnownFileType = sourcecode.swift; path = UpdatePostView.swift; sourceTree = "<group>"; };
		D2B884952C4D55C300EC8DD6 /* ItemCommentView.swift */ = {isa = PBXFileReference; lastKnownFileType = sourcecode.swift; path = ItemCommentView.swift; sourceTree = "<group>"; };
		D2C2F67E2C524227007CAA8E /* AnimatedPlaceHolder.swift */ = {isa = PBXFileReference; lastKnownFileType = sourcecode.swift; path = AnimatedPlaceHolder.swift; sourceTree = "<group>"; };
		D2C3AD672C4F3A53000C0445 /* FloatingPickerView.swift */ = {isa = PBXFileReference; lastKnownFileType = sourcecode.swift; path = FloatingPickerView.swift; sourceTree = "<group>"; };
		D2C3AD692C4F3A72000C0445 /* ChartsCustom.swift */ = {isa = PBXFileReference; lastKnownFileType = sourcecode.swift; path = ChartsCustom.swift; sourceTree = "<group>"; };
		D2C3AD6B2C4F3AA7000C0445 /* TabbarView.swift */ = {isa = PBXFileReference; lastKnownFileType = sourcecode.swift; path = TabbarView.swift; sourceTree = "<group>"; };
		D2C3AD6D2C4F3D02000C0445 /* CustomProgressView.swift */ = {isa = PBXFileReference; lastKnownFileType = sourcecode.swift; path = CustomProgressView.swift; sourceTree = "<group>"; };
		D2C3AD6F2C4F6DE5000C0445 /* AlarmView.swift */ = {isa = PBXFileReference; lastKnownFileType = sourcecode.swift; path = AlarmView.swift; sourceTree = "<group>"; };
		D2C3AD712C4F7089000C0445 /* Reminder.swift */ = {isa = PBXFileReference; lastKnownFileType = sourcecode.swift; path = Reminder.swift; sourceTree = "<group>"; };
		D2C3AD732C4F71DE000C0445 /* ReminderModelView.swift */ = {isa = PBXFileReference; lastKnownFileType = sourcecode.swift; path = ReminderModelView.swift; sourceTree = "<group>"; };
		D2C3AD752C4F74B8000C0445 /* ExersiceListCreateView.swift */ = {isa = PBXFileReference; lastKnownFileType = sourcecode.swift; path = ExersiceListCreateView.swift; sourceTree = "<group>"; };
		D2C3AD772C4F7520000C0445 /* DetailExersiceCreateView.swift */ = {isa = PBXFileReference; lastKnownFileType = sourcecode.swift; path = DetailExersiceCreateView.swift; sourceTree = "<group>"; };
		D2CBF99C2C4B4E0E0001D471 /* common.swift */ = {isa = PBXFileReference; lastKnownFileType = sourcecode.swift; path = common.swift; sourceTree = "<group>"; };
		D2CBF99E2C4B575D0001D471 /* PostView.swift */ = {isa = PBXFileReference; lastKnownFileType = sourcecode.swift; path = PostView.swift; sourceTree = "<group>"; };
		D2CBF9A02C4B57800001D471 /* image.swift */ = {isa = PBXFileReference; lastKnownFileType = sourcecode.swift; path = image.swift; sourceTree = "<group>"; };
		D2CDBF1D2C460A6A00013370 /* dishView.swift */ = {isa = PBXFileReference; lastKnownFileType = sourcecode.swift; path = dishView.swift; sourceTree = "<group>"; };
		D2CDBF202C460A7D00013370 /* exersiceView.swift */ = {isa = PBXFileReference; lastKnownFileType = sourcecode.swift; path = exersiceView.swift; sourceTree = "<group>"; };
		D2CDBF232C460A8B00013370 /* contentView.swift */ = {isa = PBXFileReference; lastKnownFileType = sourcecode.swift; path = contentView.swift; sourceTree = "<group>"; };
		D2CDBF262C460A9B00013370 /* chatView.swift */ = {isa = PBXFileReference; lastKnownFileType = sourcecode.swift; path = chatView.swift; sourceTree = "<group>"; };
		D2CDBF2A2C460AAF00013370 /* profileView.swift */ = {isa = PBXFileReference; lastKnownFileType = sourcecode.swift; path = profileView.swift; sourceTree = "<group>"; };
		D2CDBF2D2C464F7800013370 /* meal.swift */ = {isa = PBXFileReference; lastKnownFileType = sourcecode.swift; path = meal.swift; sourceTree = "<group>"; };
		D2CDBF2F2C4653D000013370 /* MealViewModel.swift */ = {isa = PBXFileReference; lastKnownFileType = sourcecode.swift; path = MealViewModel.swift; sourceTree = "<group>"; };
		D2D1688E2C588A5700D51394 /* SettingView.swift */ = {isa = PBXFileReference; lastKnownFileType = sourcecode.swift; path = SettingView.swift; sourceTree = "<group>"; };
		D2DDC5AD2C660F7E0020DDC0 /* FindWithBarcode.swift */ = {isa = PBXFileReference; lastKnownFileType = sourcecode.swift; path = FindWithBarcode.swift; sourceTree = "<group>"; };
		D2E6BBC12C4E99500049B77A /* ProfileViewOrtherUserView.swift */ = {isa = PBXFileReference; lastKnownFileType = sourcecode.swift; path = ProfileViewOrtherUserView.swift; sourceTree = "<group>"; };
		D2E6BBC32C4E9C820049B77A /* UserUpdateView.swift */ = {isa = PBXFileReference; lastKnownFileType = sourcecode.swift; path = UserUpdateView.swift; sourceTree = "<group>"; };
		D2E906352C59DCFF0092FD01 /* Lemonada-VariableFont_wght.ttf */ = {isa = PBXFileReference; lastKnownFileType = file; path = "Lemonada-VariableFont_wght.ttf"; sourceTree = "<group>"; };
		D2E906362C59E2F70092FD01 /* LikesHistoryView.swift */ = {isa = PBXFileReference; lastKnownFileType = sourcecode.swift; path = LikesHistoryView.swift; sourceTree = "<group>"; };
		D2EA70812C359939005CC9D1 /* AppSocialHealth.app */ = {isa = PBXFileReference; explicitFileType = wrapper.application; includeInIndex = 0; path = AppSocialHealth.app; sourceTree = BUILT_PRODUCTS_DIR; };
		D2EA70842C359939005CC9D1 /* AppSocialHealthApp.swift */ = {isa = PBXFileReference; lastKnownFileType = sourcecode.swift; path = AppSocialHealthApp.swift; sourceTree = "<group>"; };
		D2EA70862C359939005CC9D1 /* ContentView.swift */ = {isa = PBXFileReference; lastKnownFileType = sourcecode.swift; path = ContentView.swift; sourceTree = "<group>"; };
		D2EA708B2C35993C005CC9D1 /* Preview Assets.xcassets */ = {isa = PBXFileReference; lastKnownFileType = folder.assetcatalog; path = "Preview Assets.xcassets"; sourceTree = "<group>"; };
		D2EA70912C35993D005CC9D1 /* AppSocialHealthTests.xctest */ = {isa = PBXFileReference; explicitFileType = wrapper.cfbundle; includeInIndex = 0; path = AppSocialHealthTests.xctest; sourceTree = BUILT_PRODUCTS_DIR; };
		D2EA70952C35993D005CC9D1 /* AppSocialHealthTests.swift */ = {isa = PBXFileReference; lastKnownFileType = sourcecode.swift; path = AppSocialHealthTests.swift; sourceTree = "<group>"; };
		D2EA709B2C35993D005CC9D1 /* AppSocialHealthUITests.xctest */ = {isa = PBXFileReference; explicitFileType = wrapper.cfbundle; includeInIndex = 0; path = AppSocialHealthUITests.xctest; sourceTree = BUILT_PRODUCTS_DIR; };
		D2EA709F2C35993D005CC9D1 /* AppSocialHealthUITests.swift */ = {isa = PBXFileReference; lastKnownFileType = sourcecode.swift; path = AppSocialHealthUITests.swift; sourceTree = "<group>"; };
		D2EA70A12C35993D005CC9D1 /* AppSocialHealthUITestsLaunchTests.swift */ = {isa = PBXFileReference; lastKnownFileType = sourcecode.swift; path = AppSocialHealthUITestsLaunchTests.swift; sourceTree = "<group>"; };
		D2F0E9802C5484EE00051D14 /* Assets.xcassets */ = {isa = PBXFileReference; lastKnownFileType = folder.assetcatalog; path = Assets.xcassets; sourceTree = "<group>"; };
/* End PBXFileReference section */

/* Begin PBXFrameworksBuildPhase section */
		D2EA707E2C359939005CC9D1 /* Frameworks */ = {
			isa = PBXFrameworksBuildPhase;
			buildActionMask = 2147483647;
			files = (
			);
			runOnlyForDeploymentPostprocessing = 0;
		};
		D2EA708E2C35993D005CC9D1 /* Frameworks */ = {
			isa = PBXFrameworksBuildPhase;
			buildActionMask = 2147483647;
			files = (
			);
			runOnlyForDeploymentPostprocessing = 0;
		};
		D2EA70982C35993D005CC9D1 /* Frameworks */ = {
			isa = PBXFrameworksBuildPhase;
			buildActionMask = 2147483647;
			files = (
			);
			runOnlyForDeploymentPostprocessing = 0;
		};
/* End PBXFrameworksBuildPhase section */

/* Begin PBXGroup section */
		D208BAB52C44A961008BB9E5 /* login */ = {
			isa = PBXGroup;
			children = (
				D208BAB62C44A977008BB9E5 /* loginView.swift */,
			);
			path = login;
			sourceTree = "<group>";
		};
		D208BAC02C44B17C008BB9E5 /* register */ = {
			isa = PBXGroup;
			children = (
				D208BAC12C44B18F008BB9E5 /* registerView.swift */,
			);
			path = register;
			sourceTree = "<group>";
		};
		D208BAC32C44B4D6008BB9E5 /* home */ = {
			isa = PBXGroup;
			children = (
				D208BAC42C44B4E7008BB9E5 /* homeView.swift */,
				D2C3AD6B2C4F3AA7000C0445 /* TabbarView.swift */,
			);
			path = home;
			sourceTree = "<group>";
		};
		D208BACC2C455E0C008BB9E5 /* resetpassword */ = {
			isa = PBXGroup;
			children = (
				D208BACD2C455E26008BB9E5 /* RequestResetPasswordView.swift */,
				D208BACF2C455E36008BB9E5 /* ConfirmResetView.swift */,
			);
			path = resetpassword;
			sourceTree = "<group>";
		};
		D208BAD12C455E42008BB9E5 /* Welcome */ = {
			isa = PBXGroup;
			children = (
				D208BAD22C455E53008BB9E5 /* WelcomeView.swift */,
				D21722352C4769E600F30627 /* HealthView.swift */,
			);
			path = Welcome;
			sourceTree = "<group>";
		};
		D259E4CE2C53EFA600905774 /* Tip */ = {
			isa = PBXGroup;
			children = (
				D259E4CF2C53F3DA00905774 /* HomeTip.swift */,
			);
			path = Tip;
			sourceTree = "<group>";
		};
		D2B32A9C2C383019009E0C56 /* comon */ = {
			isa = PBXGroup;
			children = (
				D2E906352C59DCFF0092FD01 /* Lemonada-VariableFont_wght.ttf */,
				D2F0E9802C5484EE00051D14 /* Assets.xcassets */,
				D2B32AA42C383230009E0C56 /* Localizable.strings */,
				D208BABC2C44AEB8008BB9E5 /* enum.swift */,
				D27DF81F2C49F08800972820 /* Websocket.swift */,
				D2CBF99C2C4B4E0E0001D471 /* common.swift */,
			);
			path = comon;
			sourceTree = "<group>";
		};
		D2B32A9D2C383021009E0C56 /* ui */ = {
			isa = PBXGroup;
			children = (
				D259E4CE2C53EFA600905774 /* Tip */,
				D208BAD42C457146008BB9E5 /* Tabbarcustom.swift */,
				D21722372C47733D00F30627 /* LoadingView.swift */,
				D23C036B2C48A35D0096DA92 /* SmallCalendar.swift */,
				D23C036D2C48A3BC0096DA92 /* DatePicker.swift */,
				D2CBF9A02C4B57800001D471 /* image.swift */,
				D260C17C2C4CB60700592A43 /* PhotoPicker.swift */,
				D2C3AD672C4F3A53000C0445 /* FloatingPickerView.swift */,
				D2C3AD692C4F3A72000C0445 /* ChartsCustom.swift */,
				D2C3AD6D2C4F3D02000C0445 /* CustomProgressView.swift */,
				D2C2F67E2C524227007CAA8E /* AnimatedPlaceHolder.swift */,
				D259E4D32C5400AB00905774 /* OnboardingView.swift */,
			);
			path = ui;
			sourceTree = "<group>";
		};
		D2B32A9E2C383031009E0C56 /* component */ = {
			isa = PBXGroup;
			children = (
				D2CDBF282C460A9E00013370 /* profile */,
				D2CDBF252C460A8E00013370 /* chat */,
				D2CDBF222C460A8000013370 /* content */,
				D2CDBF1F2C460A6E00013370 /* exersice */,
				D2CDBF1C2C460A5C00013370 /* dish */,
				D208BAD12C455E42008BB9E5 /* Welcome */,
				D208BACC2C455E0C008BB9E5 /* resetpassword */,
				D208BAC32C44B4D6008BB9E5 /* home */,
				D208BAC02C44B17C008BB9E5 /* register */,
				D208BAB52C44A961008BB9E5 /* login */,
			);
			path = component;
			sourceTree = "<group>";
		};
		D2B32A9F2C38303B009E0C56 /* model */ = {
			isa = PBXGroup;
			children = (
				D208BAB82C44AD2B008BB9E5 /* login.swift */,
				D208BABE2C44AF5D008BB9E5 /* Register.swift */,
				D208BAC82C455C27008BB9E5 /* resetpassword.swift */,
				D2CDBF2D2C464F7800013370 /* meal.swift */,
				D2673DC22C46B83A00685A06 /* food.swift */,
				D20773622C48047E00642B9E /* exersice.swift */,
				D20773642C48048800642B9E /* schedule.swift */,
				D27DF8192C49EFE000972820 /* post.swift */,
				D27DF81B2C49EFE800972820 /* like.swift */,
				D27DF81D2C49EFF700972820 /* comment.swift */,
				D27DF8252C4A5A4E00972820 /* user.swift */,
				D2B884912C4D4C7600EC8DD6 /* Photo.swift */,
				D21959A32C4DF60400649B01 /* message.swift */,
				D2C3AD712C4F7089000C0445 /* Reminder.swift */,
			);
			path = model;
			sourceTree = "<group>";
		};
		D2B32AA02C383043009E0C56 /* viewmodel */ = {
			isa = PBXGroup;
			children = (
				D208BABA2C44AD58008BB9E5 /* LoginViewModel.swift */,
				D208BAC62C44C19D008BB9E5 /* RegisterViewModel.swift */,
				D208BACA2C455C3E008BB9E5 /* ResetPasswordViewModel.swift */,
				D2CDBF2F2C4653D000013370 /* MealViewModel.swift */,
				D2673DC42C46B88100685A06 /* FoodViewModel.swift */,
				D21722332C4769CA00F30627 /* Health.swift */,
				D20773662C4804EE00642B9E /* ExersiceViewModel.swift */,
				D20773682C4806E000642B9E /* InfomationViewModel.swift */,
				D20773702C481B9800642B9E /* ScheduleViewModel.swift */,
				D27DF8212C49F12E00972820 /* WebsocketViewModel.swift */,
				D27DF8232C4A52A300972820 /* PostViewModel.swift */,
				D27DF8272C4A5A7C00972820 /* UserViewModel.swift */,
				D260C1782C4C9FF600592A43 /* LikeModelView.swift */,
				D260C17A2C4CA89900592A43 /* CommentViewModel.swift */,
				D2B8848F2C4D4C5400EC8DD6 /* ImageViewModel.swift */,
				D21959A72C4DFED000649B01 /* MessageViewModel.swift */,
				D21959A92C4DFF1300649B01 /* ConvertionViewModel.swift */,
				D2C3AD732C4F71DE000C0445 /* ReminderModelView.swift */,
				D259E4D12C53F63400905774 /* TipViewModel.swift */,
			);
			path = viewmodel;
			sourceTree = "<group>";
		};
		D2CDBF1C2C460A5C00013370 /* dish */ = {
			isa = PBXGroup;
			children = (
				D2CDBF1D2C460A6A00013370 /* dishView.swift */,
				D2673DC62C46B89D00685A06 /* FoodListView.swift */,
				D2673DC82C46B8A700685A06 /* FoodItemView.swift */,
				D2673DCA2C46B8B500685A06 /* DetailFoodView.swift */,
				D238DBCB2C47BCA1008B9485 /* DetailFoodUpdateView.swift */,
				D2DDC5AD2C660F7E0020DDC0 /* FindWithBarcode.swift */,
			);
			path = dish;
			sourceTree = "<group>";
		};
		D2CDBF1F2C460A6E00013370 /* exersice */ = {
			isa = PBXGroup;
			children = (
				D2CDBF202C460A7D00013370 /* exersiceView.swift */,
				D207736A2C4812FA00642B9E /* ExersiceListView.swift */,
				D207736C2C48130500642B9E /* DetailExersice.swift */,
				D207736E2C48136400642B9E /* ExersiceItemView.swift */,
				D2210A582C4AB89800B55D04 /* DetailExersiceUpdateView.swift */,
				D2210A5A2C4AC0DA00B55D04 /* NewScheduleView.swift */,
				D2210A5C2C4AC0F200B55D04 /* ListScheduleView.swift */,
				D2C3AD6F2C4F6DE5000C0445 /* AlarmView.swift */,
				D2C3AD752C4F74B8000C0445 /* ExersiceListCreateView.swift */,
				D2C3AD772C4F7520000C0445 /* DetailExersiceCreateView.swift */,
			);
			path = exersice;
			sourceTree = "<group>";
		};
		D2CDBF222C460A8000013370 /* content */ = {
			isa = PBXGroup;
			children = (
				D2CDBF232C460A8B00013370 /* contentView.swift */,
				D2CBF99E2C4B575D0001D471 /* PostView.swift */,
				D260C17E2C4CFBA500592A43 /* CreateNewPostSide.swift */,
				D260C1802C4D01C600592A43 /* CommentView.swift */,
				D2B884932C4D54B300EC8DD6 /* UpdatePostView.swift */,
				D2B884952C4D55C300EC8DD6 /* ItemCommentView.swift */,
			);
			path = content;
			sourceTree = "<group>";
		};
		D2CDBF252C460A8E00013370 /* chat */ = {
			isa = PBXGroup;
			children = (
				D2CDBF262C460A9B00013370 /* chatView.swift */,
				D21959A12C4DF5C700649B01 /* MessageView.swift */,
				D21959A52C4DFE1F00649B01 /* ConversionView.swift */,
				D21959AB2C4E051900649B01 /* ItemConversationListView.swift */,
				D21959AD2C4E147700649B01 /* CreateNewConversationView.swift */,
			);
			path = chat;
			sourceTree = "<group>";
		};
		D2CDBF282C460A9E00013370 /* profile */ = {
			isa = PBXGroup;
			children = (
				D2CDBF2A2C460AAF00013370 /* profileView.swift */,
				D2E6BBC12C4E99500049B77A /* ProfileViewOrtherUserView.swift */,
				D2E6BBC32C4E9C820049B77A /* UserUpdateView.swift */,
				D2D1688E2C588A5700D51394 /* SettingView.swift */,
				D2E906362C59E2F70092FD01 /* LikesHistoryView.swift */,
			);
			path = profile;
			sourceTree = "<group>";
		};
		D2EA70782C359939005CC9D1 = {
			isa = PBXGroup;
			children = (
				D2EA70832C359939005CC9D1 /* AppSocialHealth */,
				D2EA70942C35993D005CC9D1 /* AppSocialHealthTests */,
				D2EA709E2C35993D005CC9D1 /* AppSocialHealthUITests */,
				D2EA70822C359939005CC9D1 /* Products */,
			);
			sourceTree = "<group>";
		};
		D2EA70822C359939005CC9D1 /* Products */ = {
			isa = PBXGroup;
			children = (
				D2EA70812C359939005CC9D1 /* AppSocialHealth.app */,
				D2EA70912C35993D005CC9D1 /* AppSocialHealthTests.xctest */,
				D2EA709B2C35993D005CC9D1 /* AppSocialHealthUITests.xctest */,
			);
			name = Products;
			sourceTree = "<group>";
		};
		D2EA70832C359939005CC9D1 /* AppSocialHealth */ = {
			isa = PBXGroup;
			children = (
				D21722322C4768D700F30627 /* Info.plist */,
				D21722312C47687000F30627 /* AppSocialHealth.entitlements */,
				D2B32AA02C383043009E0C56 /* viewmodel */,
				D2B32A9F2C38303B009E0C56 /* model */,
				D2B32A9E2C383031009E0C56 /* component */,
				D2B32A9D2C383021009E0C56 /* ui */,
				D2B32A9C2C383019009E0C56 /* comon */,
				D2EA70842C359939005CC9D1 /* AppSocialHealthApp.swift */,
				D2EA70862C359939005CC9D1 /* ContentView.swift */,
				D2EA708A2C35993C005CC9D1 /* Preview Content */,
			);
			path = AppSocialHealth;
			sourceTree = "<group>";
		};
		D2EA708A2C35993C005CC9D1 /* Preview Content */ = {
			isa = PBXGroup;
			children = (
				D2EA708B2C35993C005CC9D1 /* Preview Assets.xcassets */,
			);
			path = "Preview Content";
			sourceTree = "<group>";
		};
		D2EA70942C35993D005CC9D1 /* AppSocialHealthTests */ = {
			isa = PBXGroup;
			children = (
				D2EA70952C35993D005CC9D1 /* AppSocialHealthTests.swift */,
			);
			path = AppSocialHealthTests;
			sourceTree = "<group>";
		};
		D2EA709E2C35993D005CC9D1 /* AppSocialHealthUITests */ = {
			isa = PBXGroup;
			children = (
				D2EA709F2C35993D005CC9D1 /* AppSocialHealthUITests.swift */,
				D2EA70A12C35993D005CC9D1 /* AppSocialHealthUITestsLaunchTests.swift */,
			);
			path = AppSocialHealthUITests;
			sourceTree = "<group>";
		};
/* End PBXGroup section */

/* Begin PBXNativeTarget section */
		D2EA70802C359939005CC9D1 /* AppSocialHealth */ = {
			isa = PBXNativeTarget;
			buildConfigurationList = D2EA70A52C35993D005CC9D1 /* Build configuration list for PBXNativeTarget "AppSocialHealth" */;
			buildPhases = (
				D2EA707D2C359939005CC9D1 /* Sources */,
				D2EA707E2C359939005CC9D1 /* Frameworks */,
				D2EA707F2C359939005CC9D1 /* Resources */,
			);
			buildRules = (
			);
			dependencies = (
			);
			name = AppSocialHealth;
			packageProductDependencies = (
			);
			productName = AppSocialHealth;
			productReference = D2EA70812C359939005CC9D1 /* AppSocialHealth.app */;
			productType = "com.apple.product-type.application";
		};
		D2EA70902C35993D005CC9D1 /* AppSocialHealthTests */ = {
			isa = PBXNativeTarget;
			buildConfigurationList = D2EA70A82C35993D005CC9D1 /* Build configuration list for PBXNativeTarget "AppSocialHealthTests" */;
			buildPhases = (
				D2EA708D2C35993D005CC9D1 /* Sources */,
				D2EA708E2C35993D005CC9D1 /* Frameworks */,
				D2EA708F2C35993D005CC9D1 /* Resources */,
			);
			buildRules = (
			);
			dependencies = (
				D2EA70932C35993D005CC9D1 /* PBXTargetDependency */,
			);
			name = AppSocialHealthTests;
			productName = AppSocialHealthTests;
			productReference = D2EA70912C35993D005CC9D1 /* AppSocialHealthTests.xctest */;
			productType = "com.apple.product-type.bundle.unit-test";
		};
		D2EA709A2C35993D005CC9D1 /* AppSocialHealthUITests */ = {
			isa = PBXNativeTarget;
			buildConfigurationList = D2EA70AB2C35993D005CC9D1 /* Build configuration list for PBXNativeTarget "AppSocialHealthUITests" */;
			buildPhases = (
				D2EA70972C35993D005CC9D1 /* Sources */,
				D2EA70982C35993D005CC9D1 /* Frameworks */,
				D2EA70992C35993D005CC9D1 /* Resources */,
			);
			buildRules = (
			);
			dependencies = (
				D2EA709D2C35993D005CC9D1 /* PBXTargetDependency */,
			);
			name = AppSocialHealthUITests;
			productName = AppSocialHealthUITests;
			productReference = D2EA709B2C35993D005CC9D1 /* AppSocialHealthUITests.xctest */;
			productType = "com.apple.product-type.bundle.ui-testing";
		};
/* End PBXNativeTarget section */

/* Begin PBXProject section */
		D2EA70792C359939005CC9D1 /* Project object */ = {
			isa = PBXProject;
			attributes = {
				BuildIndependentTargetsInParallel = 1;
				LastSwiftUpdateCheck = 1540;
				LastUpgradeCheck = 1540;
				TargetAttributes = {
					D2EA70802C359939005CC9D1 = {
						CreatedOnToolsVersion = 15.4;
					};
					D2EA70902C35993D005CC9D1 = {
						CreatedOnToolsVersion = 15.4;
						TestTargetID = D2EA70802C359939005CC9D1;
					};
					D2EA709A2C35993D005CC9D1 = {
						CreatedOnToolsVersion = 15.4;
						TestTargetID = D2EA70802C359939005CC9D1;
					};
				};
			};
			buildConfigurationList = D2EA707C2C359939005CC9D1 /* Build configuration list for PBXProject "AppSocialHealth" */;
			compatibilityVersion = "Xcode 14.0";
			developmentRegion = en;
			hasScannedForEncodings = 0;
			knownRegions = (
				en,
				Base,
				vi,
			);
			mainGroup = D2EA70782C359939005CC9D1;
			packageReferences = (
			);
			productRefGroup = D2EA70822C359939005CC9D1 /* Products */;
			projectDirPath = "";
			projectRoot = "";
			targets = (
				D2EA70802C359939005CC9D1 /* AppSocialHealth */,
				D2EA70902C35993D005CC9D1 /* AppSocialHealthTests */,
				D2EA709A2C35993D005CC9D1 /* AppSocialHealthUITests */,
			);
		};
/* End PBXProject section */

/* Begin PBXResourcesBuildPhase section */
		D2EA707F2C359939005CC9D1 /* Resources */ = {
			isa = PBXResourcesBuildPhase;
			buildActionMask = 2147483647;
			files = (
				D2EA708C2C35993C005CC9D1 /* Preview Assets.xcassets in Resources */,
				D2F0E9812C5484EE00051D14 /* Assets.xcassets in Resources */,
				D2B32AA52C383230009E0C56 /* Localizable.strings in Resources */,
			);
			runOnlyForDeploymentPostprocessing = 0;
		};
		D2EA708F2C35993D005CC9D1 /* Resources */ = {
			isa = PBXResourcesBuildPhase;
			buildActionMask = 2147483647;
			files = (
			);
			runOnlyForDeploymentPostprocessing = 0;
		};
		D2EA70992C35993D005CC9D1 /* Resources */ = {
			isa = PBXResourcesBuildPhase;
			buildActionMask = 2147483647;
			files = (
			);
			runOnlyForDeploymentPostprocessing = 0;
		};
/* End PBXResourcesBuildPhase section */

/* Begin PBXSourcesBuildPhase section */
		D2EA707D2C359939005CC9D1 /* Sources */ = {
			isa = PBXSourcesBuildPhase;
			buildActionMask = 2147483647;
			files = (
				D259E4D42C5400AB00905774 /* OnboardingView.swift in Sources */,
				D27DF8242C4A52A300972820 /* PostViewModel.swift in Sources */,
				D207736F2C48136400642B9E /* ExersiceItemView.swift in Sources */,
				D2E906372C59E2F70092FD01 /* LikesHistoryView.swift in Sources */,
				D2EA70872C359939005CC9D1 /* ContentView.swift in Sources */,
				D2E6BBC42C4E9C820049B77A /* UserUpdateView.swift in Sources */,
				D27DF81C2C49EFE800972820 /* like.swift in Sources */,
				D2E6BBC22C4E99500049B77A /* ProfileViewOrtherUserView.swift in Sources */,
				D208BAD02C455E36008BB9E5 /* ConfirmResetView.swift in Sources */,
				D20773712C481B9800642B9E /* ScheduleViewModel.swift in Sources */,
				D260C17B2C4CA89900592A43 /* CommentViewModel.swift in Sources */,
				D208BAC72C44C19D008BB9E5 /* RegisterViewModel.swift in Sources */,
				D2CDBF1E2C460A6A00013370 /* dishView.swift in Sources */,
				D2C3AD702C4F6DE5000C0445 /* AlarmView.swift in Sources */,
				D260C1792C4C9FF600592A43 /* LikeModelView.swift in Sources */,
				D2C3AD6C2C4F3AA7000C0445 /* TabbarView.swift in Sources */,
				D20773692C4806E000642B9E /* InfomationViewModel.swift in Sources */,
				D21722342C4769CA00F30627 /* Health.swift in Sources */,
				D259E4D22C53F63400905774 /* TipViewModel.swift in Sources */,
				D2B884962C4D55C300EC8DD6 /* ItemCommentView.swift in Sources */,
				D2210A5B2C4AC0DA00B55D04 /* NewScheduleView.swift in Sources */,
				D208BAB72C44A977008BB9E5 /* loginView.swift in Sources */,
				D2D1688F2C588A5700D51394 /* SettingView.swift in Sources */,
				D2673DC52C46B88100685A06 /* FoodViewModel.swift in Sources */,
				D27DF81E2C49EFF700972820 /* comment.swift in Sources */,
				D2673DC32C46B83A00685A06 /* food.swift in Sources */,
				D21959A62C4DFE1F00649B01 /* ConversionView.swift in Sources */,
				D2DDC5AE2C660F7E0020DDC0 /* FindWithBarcode.swift in Sources */,
				D21959A22C4DF5C700649B01 /* MessageView.swift in Sources */,
				D207736B2C4812FA00642B9E /* ExersiceListView.swift in Sources */,
				D208BAD52C457146008BB9E5 /* Tabbarcustom.swift in Sources */,
				D20773672C4804EE00642B9E /* ExersiceViewModel.swift in Sources */,
				D2B884902C4D4C5400EC8DD6 /* ImageViewModel.swift in Sources */,
				D208BACE2C455E26008BB9E5 /* RequestResetPasswordView.swift in Sources */,
				D21959AE2C4E147700649B01 /* CreateNewConversationView.swift in Sources */,
				D2C3AD782C4F7520000C0445 /* DetailExersiceCreateView.swift in Sources */,
				D2673DCB2C46B8B500685A06 /* DetailFoodView.swift in Sources */,
				D21959AC2C4E051900649B01 /* ItemConversationListView.swift in Sources */,
				D208BABD2C44AEB8008BB9E5 /* enum.swift in Sources */,
				D2EA70852C359939005CC9D1 /* AppSocialHealthApp.swift in Sources */,
				D207736D2C48130500642B9E /* DetailExersice.swift in Sources */,
				D208BACB2C455C3E008BB9E5 /* ResetPasswordViewModel.swift in Sources */,
				D2C3AD742C4F71DE000C0445 /* ReminderModelView.swift in Sources */,
				D238DBCC2C47BCA1008B9485 /* DetailFoodUpdateView.swift in Sources */,
				D208BABF2C44AF5D008BB9E5 /* Register.swift in Sources */,
				D21959A82C4DFED000649B01 /* MessageViewModel.swift in Sources */,
				D2CBF99D2C4B4E0E0001D471 /* common.swift in Sources */,
				D2B884942C4D54B300EC8DD6 /* UpdatePostView.swift in Sources */,
				D208BAC22C44B18F008BB9E5 /* registerView.swift in Sources */,
				D20773632C48047E00642B9E /* exersice.swift in Sources */,
				D2CDBF272C460A9B00013370 /* chatView.swift in Sources */,
				D2CDBF212C460A7D00013370 /* exersiceView.swift in Sources */,
				D21722362C4769E600F30627 /* HealthView.swift in Sources */,
				D2CDBF2B2C460AAF00013370 /* profileView.swift in Sources */,
				D259E4D02C53F3DA00905774 /* HomeTip.swift in Sources */,
				D2CBF9A12C4B57800001D471 /* image.swift in Sources */,
				D208BAD32C455E53008BB9E5 /* WelcomeView.swift in Sources */,
				D27DF8202C49F08800972820 /* Websocket.swift in Sources */,
				D21959AA2C4DFF1300649B01 /* ConvertionViewModel.swift in Sources */,
				D23C036E2C48A3BC0096DA92 /* DatePicker.swift in Sources */,
				D260C1812C4D01C600592A43 /* CommentView.swift in Sources */,
				D2C3AD682C4F3A53000C0445 /* FloatingPickerView.swift in Sources */,
				D2673DC92C46B8A700685A06 /* FoodItemView.swift in Sources */,
				D2C3AD6E2C4F3D02000C0445 /* CustomProgressView.swift in Sources */,
				D208BAC92C455C27008BB9E5 /* resetpassword.swift in Sources */,
				D27DF8222C49F12E00972820 /* WebsocketViewModel.swift in Sources */,
				D2CDBF302C4653D000013370 /* MealViewModel.swift in Sources */,
				D260C17F2C4CFBA500592A43 /* CreateNewPostSide.swift in Sources */,
				D2210A592C4AB89800B55D04 /* DetailExersiceUpdateView.swift in Sources */,
				D2B884922C4D4C7600EC8DD6 /* Photo.swift in Sources */,
				D2CDBF242C460A8B00013370 /* contentView.swift in Sources */,
				D208BABB2C44AD58008BB9E5 /* LoginViewModel.swift in Sources */,
				D2C2F67F2C524227007CAA8E /* AnimatedPlaceHolder.swift in Sources */,
				D2CBF99F2C4B575D0001D471 /* PostView.swift in Sources */,
				D27DF8282C4A5A7C00972820 /* UserViewModel.swift in Sources */,
				D260C17D2C4CB60700592A43 /* PhotoPicker.swift in Sources */,
				D2673DC72C46B89D00685A06 /* FoodListView.swift in Sources */,
				D23C036C2C48A35D0096DA92 /* SmallCalendar.swift in Sources */,
				D2C3AD762C4F74B8000C0445 /* ExersiceListCreateView.swift in Sources */,
				D208BAB92C44AD2B008BB9E5 /* login.swift in Sources */,
				D20773652C48048800642B9E /* schedule.swift in Sources */,
				D2CDBF2E2C464F7800013370 /* meal.swift in Sources */,
				D21722382C47733D00F30627 /* LoadingView.swift in Sources */,
				D27DF8262C4A5A4E00972820 /* user.swift in Sources */,
				D208BAC52C44B4E7008BB9E5 /* homeView.swift in Sources */,
				D21959A42C4DF60400649B01 /* message.swift in Sources */,
				D2210A5D2C4AC0F200B55D04 /* ListScheduleView.swift in Sources */,
				D27DF81A2C49EFE000972820 /* post.swift in Sources */,
				D2C3AD6A2C4F3A72000C0445 /* ChartsCustom.swift in Sources */,
				D2C3AD722C4F7089000C0445 /* Reminder.swift in Sources */,
			);
			runOnlyForDeploymentPostprocessing = 0;
		};
		D2EA708D2C35993D005CC9D1 /* Sources */ = {
			isa = PBXSourcesBuildPhase;
			buildActionMask = 2147483647;
			files = (
				D2EA70962C35993D005CC9D1 /* AppSocialHealthTests.swift in Sources */,
			);
			runOnlyForDeploymentPostprocessing = 0;
		};
		D2EA70972C35993D005CC9D1 /* Sources */ = {
			isa = PBXSourcesBuildPhase;
			buildActionMask = 2147483647;
			files = (
				D2EA70A02C35993D005CC9D1 /* AppSocialHealthUITests.swift in Sources */,
				D2EA70A22C35993D005CC9D1 /* AppSocialHealthUITestsLaunchTests.swift in Sources */,
			);
			runOnlyForDeploymentPostprocessing = 0;
		};
/* End PBXSourcesBuildPhase section */

/* Begin PBXTargetDependency section */
		D2EA70932C35993D005CC9D1 /* PBXTargetDependency */ = {
			isa = PBXTargetDependency;
			target = D2EA70802C359939005CC9D1 /* AppSocialHealth */;
			targetProxy = D2EA70922C35993D005CC9D1 /* PBXContainerItemProxy */;
		};
		D2EA709D2C35993D005CC9D1 /* PBXTargetDependency */ = {
			isa = PBXTargetDependency;
			target = D2EA70802C359939005CC9D1 /* AppSocialHealth */;
			targetProxy = D2EA709C2C35993D005CC9D1 /* PBXContainerItemProxy */;
		};
/* End PBXTargetDependency section */

/* Begin PBXVariantGroup section */
		D2B32AA42C383230009E0C56 /* Localizable.strings */ = {
			isa = PBXVariantGroup;
			children = (
				D2B32AA32C383230009E0C56 /* en */,
				D2B32AA82C38326E009E0C56 /* vi */,
			);
			name = Localizable.strings;
			sourceTree = "<group>";
		};
/* End PBXVariantGroup section */

/* Begin XCBuildConfiguration section */
		D2EA70A32C35993D005CC9D1 /* Debug */ = {
			isa = XCBuildConfiguration;
			buildSettings = {
				ALWAYS_SEARCH_USER_PATHS = NO;
				ASSETCATALOG_COMPILER_GENERATE_SWIFT_ASSET_SYMBOL_EXTENSIONS = YES;
				CLANG_ANALYZER_LOCALIZABILITY_NONLOCALIZED = YES;
				CLANG_ANALYZER_NONNULL = YES;
				CLANG_ANALYZER_NUMBER_OBJECT_CONVERSION = YES_AGGRESSIVE;
				CLANG_CXX_LANGUAGE_STANDARD = "gnu++20";
				CLANG_ENABLE_MODULES = YES;
				CLANG_ENABLE_OBJC_ARC = YES;
				CLANG_ENABLE_OBJC_WEAK = YES;
				CLANG_WARN_BLOCK_CAPTURE_AUTORELEASING = YES;
				CLANG_WARN_BOOL_CONVERSION = YES;
				CLANG_WARN_COMMA = YES;
				CLANG_WARN_CONSTANT_CONVERSION = YES;
				CLANG_WARN_DEPRECATED_OBJC_IMPLEMENTATIONS = YES;
				CLANG_WARN_DIRECT_OBJC_ISA_USAGE = YES_ERROR;
				CLANG_WARN_DOCUMENTATION_COMMENTS = YES;
				CLANG_WARN_EMPTY_BODY = YES;
				CLANG_WARN_ENUM_CONVERSION = YES;
				CLANG_WARN_INFINITE_RECURSION = YES;
				CLANG_WARN_INT_CONVERSION = YES;
				CLANG_WARN_NON_LITERAL_NULL_CONVERSION = YES;
				CLANG_WARN_OBJC_IMPLICIT_RETAIN_SELF = YES;
				CLANG_WARN_OBJC_LITERAL_CONVERSION = YES;
				CLANG_WARN_OBJC_ROOT_CLASS = YES_ERROR;
				CLANG_WARN_QUOTED_INCLUDE_IN_FRAMEWORK_HEADER = YES;
				CLANG_WARN_RANGE_LOOP_ANALYSIS = YES;
				CLANG_WARN_STRICT_PROTOTYPES = YES;
				CLANG_WARN_SUSPICIOUS_MOVE = YES;
				CLANG_WARN_UNGUARDED_AVAILABILITY = YES_AGGRESSIVE;
				CLANG_WARN_UNREACHABLE_CODE = YES;
				CLANG_WARN__DUPLICATE_METHOD_MATCH = YES;
				COPY_PHASE_STRIP = NO;
				DEBUG_INFORMATION_FORMAT = dwarf;
				ENABLE_STRICT_OBJC_MSGSEND = YES;
				ENABLE_TESTABILITY = YES;
				ENABLE_USER_SCRIPT_SANDBOXING = YES;
				GCC_C_LANGUAGE_STANDARD = gnu17;
				GCC_DYNAMIC_NO_PIC = NO;
				GCC_NO_COMMON_BLOCKS = YES;
				GCC_OPTIMIZATION_LEVEL = 0;
				GCC_PREPROCESSOR_DEFINITIONS = (
					"DEBUG=1",
					"$(inherited)",
				);
				GCC_WARN_64_TO_32_BIT_CONVERSION = YES;
				GCC_WARN_ABOUT_RETURN_TYPE = YES_ERROR;
				GCC_WARN_UNDECLARED_SELECTOR = YES;
				GCC_WARN_UNINITIALIZED_AUTOS = YES_AGGRESSIVE;
				GCC_WARN_UNUSED_FUNCTION = YES;
				GCC_WARN_UNUSED_VARIABLE = YES;
				IPHONEOS_DEPLOYMENT_TARGET = 17.2;
				LOCALIZATION_PREFERS_STRING_CATALOGS = YES;
				MTL_ENABLE_DEBUG_INFO = INCLUDE_SOURCE;
				MTL_FAST_MATH = YES;
				ONLY_ACTIVE_ARCH = YES;
				SDKROOT = iphoneos;
				SWIFT_ACTIVE_COMPILATION_CONDITIONS = "DEBUG $(inherited)";
				SWIFT_OPTIMIZATION_LEVEL = "-Onone";
			};
			name = Debug;
		};
		D2EA70A42C35993D005CC9D1 /* Release */ = {
			isa = XCBuildConfiguration;
			buildSettings = {
				ALWAYS_SEARCH_USER_PATHS = NO;
				ASSETCATALOG_COMPILER_GENERATE_SWIFT_ASSET_SYMBOL_EXTENSIONS = YES;
				CLANG_ANALYZER_LOCALIZABILITY_NONLOCALIZED = YES;
				CLANG_ANALYZER_NONNULL = YES;
				CLANG_ANALYZER_NUMBER_OBJECT_CONVERSION = YES_AGGRESSIVE;
				CLANG_CXX_LANGUAGE_STANDARD = "gnu++20";
				CLANG_ENABLE_MODULES = YES;
				CLANG_ENABLE_OBJC_ARC = YES;
				CLANG_ENABLE_OBJC_WEAK = YES;
				CLANG_WARN_BLOCK_CAPTURE_AUTORELEASING = YES;
				CLANG_WARN_BOOL_CONVERSION = YES;
				CLANG_WARN_COMMA = YES;
				CLANG_WARN_CONSTANT_CONVERSION = YES;
				CLANG_WARN_DEPRECATED_OBJC_IMPLEMENTATIONS = YES;
				CLANG_WARN_DIRECT_OBJC_ISA_USAGE = YES_ERROR;
				CLANG_WARN_DOCUMENTATION_COMMENTS = YES;
				CLANG_WARN_EMPTY_BODY = YES;
				CLANG_WARN_ENUM_CONVERSION = YES;
				CLANG_WARN_INFINITE_RECURSION = YES;
				CLANG_WARN_INT_CONVERSION = YES;
				CLANG_WARN_NON_LITERAL_NULL_CONVERSION = YES;
				CLANG_WARN_OBJC_IMPLICIT_RETAIN_SELF = YES;
				CLANG_WARN_OBJC_LITERAL_CONVERSION = YES;
				CLANG_WARN_OBJC_ROOT_CLASS = YES_ERROR;
				CLANG_WARN_QUOTED_INCLUDE_IN_FRAMEWORK_HEADER = YES;
				CLANG_WARN_RANGE_LOOP_ANALYSIS = YES;
				CLANG_WARN_STRICT_PROTOTYPES = YES;
				CLANG_WARN_SUSPICIOUS_MOVE = YES;
				CLANG_WARN_UNGUARDED_AVAILABILITY = YES_AGGRESSIVE;
				CLANG_WARN_UNREACHABLE_CODE = YES;
				CLANG_WARN__DUPLICATE_METHOD_MATCH = YES;
				COPY_PHASE_STRIP = NO;
				DEBUG_INFORMATION_FORMAT = "dwarf-with-dsym";
				ENABLE_NS_ASSERTIONS = NO;
				ENABLE_STRICT_OBJC_MSGSEND = YES;
				ENABLE_USER_SCRIPT_SANDBOXING = YES;
				GCC_C_LANGUAGE_STANDARD = gnu17;
				GCC_NO_COMMON_BLOCKS = YES;
				GCC_WARN_64_TO_32_BIT_CONVERSION = YES;
				GCC_WARN_ABOUT_RETURN_TYPE = YES_ERROR;
				GCC_WARN_UNDECLARED_SELECTOR = YES;
				GCC_WARN_UNINITIALIZED_AUTOS = YES_AGGRESSIVE;
				GCC_WARN_UNUSED_FUNCTION = YES;
				GCC_WARN_UNUSED_VARIABLE = YES;
				IPHONEOS_DEPLOYMENT_TARGET = 17.2;
				LOCALIZATION_PREFERS_STRING_CATALOGS = YES;
				MTL_ENABLE_DEBUG_INFO = NO;
				MTL_FAST_MATH = YES;
				SDKROOT = iphoneos;
				SWIFT_COMPILATION_MODE = wholemodule;
				VALIDATE_PRODUCT = YES;
			};
			name = Release;
		};
		D2EA70A62C35993D005CC9D1 /* Debug */ = {
			isa = XCBuildConfiguration;
			buildSettings = {
				ASSETCATALOG_COMPILER_APPICON_NAME = AppIcon;
				ASSETCATALOG_COMPILER_GLOBAL_ACCENT_COLOR_NAME = AccentColor;
				CODE_SIGN_ENTITLEMENTS = AppSocialHealth/AppSocialHealth.entitlements;
				CODE_SIGN_STYLE = Automatic;
				CURRENT_PROJECT_VERSION = 1;
				DEVELOPMENT_ASSET_PATHS = "\"AppSocialHealth/Preview Content\"";
				DEVELOPMENT_TEAM = YAH93RZF3C;
				ENABLE_PREVIEWS = YES;
				GENERATE_INFOPLIST_FILE = YES;
				INFOPLIST_FILE = AppSocialHealth/Info.plist;
				INFOPLIST_KEY_NSHealthShareUsageDescription = "Ứng dụng sẽ sử dụng dữ liệu bước chân để tính toán các thống kê sức khỏe cá nhân.";
				INFOPLIST_KEY_NSHealthUpdateUsageDescription = "Ứng dụng sẽ sử dụng dữ liệu bước chân để tính toán các thống kê sức khỏe cá nhân.";
				INFOPLIST_KEY_UIApplicationSceneManifest_Generation = YES;
				INFOPLIST_KEY_UIApplicationSupportsIndirectInputEvents = YES;
				INFOPLIST_KEY_UILaunchScreen_Generation = YES;
				INFOPLIST_KEY_UISupportedInterfaceOrientations_iPad = "UIInterfaceOrientationPortrait UIInterfaceOrientationPortraitUpsideDown UIInterfaceOrientationLandscapeLeft UIInterfaceOrientationLandscapeRight";
				INFOPLIST_KEY_UISupportedInterfaceOrientations_iPhone = "UIInterfaceOrientationPortrait UIInterfaceOrientationLandscapeLeft UIInterfaceOrientationLandscapeRight";
				LD_RUNPATH_SEARCH_PATHS = (
					"$(inherited)",
					"@executable_path/Frameworks",
				);
				MARKETING_VERSION = 1.0;
				PRODUCT_BUNDLE_IDENTIFIER = test.AppSocialHealth;
				PRODUCT_NAME = "$(TARGET_NAME)";
				SWIFT_EMIT_LOC_STRINGS = YES;
				SWIFT_VERSION = 5.0;
				TARGETED_DEVICE_FAMILY = "1,2";
			};
			name = Debug;
		};
		D2EA70A72C35993D005CC9D1 /* Release */ = {
			isa = XCBuildConfiguration;
			buildSettings = {
				ASSETCATALOG_COMPILER_APPICON_NAME = AppIcon;
				ASSETCATALOG_COMPILER_GLOBAL_ACCENT_COLOR_NAME = AccentColor;
				CODE_SIGN_ENTITLEMENTS = AppSocialHealth/AppSocialHealth.entitlements;
				CODE_SIGN_STYLE = Automatic;
				CURRENT_PROJECT_VERSION = 1;
				DEVELOPMENT_ASSET_PATHS = "\"AppSocialHealth/Preview Content\"";
				DEVELOPMENT_TEAM = YAH93RZF3C;
				ENABLE_PREVIEWS = YES;
				GENERATE_INFOPLIST_FILE = YES;
				INFOPLIST_FILE = AppSocialHealth/Info.plist;
				INFOPLIST_KEY_NSHealthShareUsageDescription = "Ứng dụng sẽ sử dụng dữ liệu bước chân để tính toán các thống kê sức khỏe cá nhân.";
				INFOPLIST_KEY_NSHealthUpdateUsageDescription = "Ứng dụng sẽ sử dụng dữ liệu bước chân để tính toán các thống kê sức khỏe cá nhân.";
				INFOPLIST_KEY_UIApplicationSceneManifest_Generation = YES;
				INFOPLIST_KEY_UIApplicationSupportsIndirectInputEvents = YES;
				INFOPLIST_KEY_UILaunchScreen_Generation = YES;
				INFOPLIST_KEY_UISupportedInterfaceOrientations_iPad = "UIInterfaceOrientationPortrait UIInterfaceOrientationPortraitUpsideDown UIInterfaceOrientationLandscapeLeft UIInterfaceOrientationLandscapeRight";
				INFOPLIST_KEY_UISupportedInterfaceOrientations_iPhone = "UIInterfaceOrientationPortrait UIInterfaceOrientationLandscapeLeft UIInterfaceOrientationLandscapeRight";
				LD_RUNPATH_SEARCH_PATHS = (
					"$(inherited)",
					"@executable_path/Frameworks",
				);
				MARKETING_VERSION = 1.0;
				PRODUCT_BUNDLE_IDENTIFIER = test.AppSocialHealth;
				PRODUCT_NAME = "$(TARGET_NAME)";
				SWIFT_EMIT_LOC_STRINGS = YES;
				SWIFT_VERSION = 5.0;
				TARGETED_DEVICE_FAMILY = "1,2";
			};
			name = Release;
		};
		D2EA70A92C35993D005CC9D1 /* Debug */ = {
			isa = XCBuildConfiguration;
			buildSettings = {
				ALWAYS_EMBED_SWIFT_STANDARD_LIBRARIES = YES;
				BUNDLE_LOADER = "$(TEST_HOST)";
				CODE_SIGN_STYLE = Automatic;
				CURRENT_PROJECT_VERSION = 1;
				DEVELOPMENT_TEAM = YAH93RZF3C;
				GENERATE_INFOPLIST_FILE = YES;
				IPHONEOS_DEPLOYMENT_TARGET = 17.5;
				MARKETING_VERSION = 1.0;
				PRODUCT_BUNDLE_IDENTIFIER = test.AppSocialHealthTests;
				PRODUCT_NAME = "$(TARGET_NAME)";
				SWIFT_EMIT_LOC_STRINGS = NO;
				SWIFT_VERSION = 5.0;
				TARGETED_DEVICE_FAMILY = "1,2";
				TEST_HOST = "$(BUILT_PRODUCTS_DIR)/AppSocialHealth.app/$(BUNDLE_EXECUTABLE_FOLDER_PATH)/AppSocialHealth";
			};
			name = Debug;
		};
		D2EA70AA2C35993D005CC9D1 /* Release */ = {
			isa = XCBuildConfiguration;
			buildSettings = {
				ALWAYS_EMBED_SWIFT_STANDARD_LIBRARIES = YES;
				BUNDLE_LOADER = "$(TEST_HOST)";
				CODE_SIGN_STYLE = Automatic;
				CURRENT_PROJECT_VERSION = 1;
				DEVELOPMENT_TEAM = YAH93RZF3C;
				GENERATE_INFOPLIST_FILE = YES;
				IPHONEOS_DEPLOYMENT_TARGET = 17.5;
				MARKETING_VERSION = 1.0;
				PRODUCT_BUNDLE_IDENTIFIER = test.AppSocialHealthTests;
				PRODUCT_NAME = "$(TARGET_NAME)";
				SWIFT_EMIT_LOC_STRINGS = NO;
				SWIFT_VERSION = 5.0;
				TARGETED_DEVICE_FAMILY = "1,2";
				TEST_HOST = "$(BUILT_PRODUCTS_DIR)/AppSocialHealth.app/$(BUNDLE_EXECUTABLE_FOLDER_PATH)/AppSocialHealth";
			};
			name = Release;
		};
		D2EA70AC2C35993D005CC9D1 /* Debug */ = {
			isa = XCBuildConfiguration;
			buildSettings = {
				ALWAYS_EMBED_SWIFT_STANDARD_LIBRARIES = YES;
				CODE_SIGN_STYLE = Automatic;
				CURRENT_PROJECT_VERSION = 1;
				DEVELOPMENT_TEAM = YAH93RZF3C;
				GENERATE_INFOPLIST_FILE = YES;
				MARKETING_VERSION = 1.0;
				PRODUCT_BUNDLE_IDENTIFIER = test.AppSocialHealthUITests;
				PRODUCT_NAME = "$(TARGET_NAME)";
				SWIFT_EMIT_LOC_STRINGS = NO;
				SWIFT_VERSION = 5.0;
				TARGETED_DEVICE_FAMILY = "1,2";
				TEST_TARGET_NAME = AppSocialHealth;
			};
			name = Debug;
		};
		D2EA70AD2C35993D005CC9D1 /* Release */ = {
			isa = XCBuildConfiguration;
			buildSettings = {
				ALWAYS_EMBED_SWIFT_STANDARD_LIBRARIES = YES;
				CODE_SIGN_STYLE = Automatic;
				CURRENT_PROJECT_VERSION = 1;
				DEVELOPMENT_TEAM = YAH93RZF3C;
				GENERATE_INFOPLIST_FILE = YES;
				MARKETING_VERSION = 1.0;
				PRODUCT_BUNDLE_IDENTIFIER = test.AppSocialHealthUITests;
				PRODUCT_NAME = "$(TARGET_NAME)";
				SWIFT_EMIT_LOC_STRINGS = NO;
				SWIFT_VERSION = 5.0;
				TARGETED_DEVICE_FAMILY = "1,2";
				TEST_TARGET_NAME = AppSocialHealth;
			};
			name = Release;
		};
/* End XCBuildConfiguration section */

/* Begin XCConfigurationList section */
		D2EA707C2C359939005CC9D1 /* Build configuration list for PBXProject "AppSocialHealth" */ = {
			isa = XCConfigurationList;
			buildConfigurations = (
				D2EA70A32C35993D005CC9D1 /* Debug */,
				D2EA70A42C35993D005CC9D1 /* Release */,
			);
			defaultConfigurationIsVisible = 0;
			defaultConfigurationName = Release;
		};
		D2EA70A52C35993D005CC9D1 /* Build configuration list for PBXNativeTarget "AppSocialHealth" */ = {
			isa = XCConfigurationList;
			buildConfigurations = (
				D2EA70A62C35993D005CC9D1 /* Debug */,
				D2EA70A72C35993D005CC9D1 /* Release */,
			);
			defaultConfigurationIsVisible = 0;
			defaultConfigurationName = Release;
		};
		D2EA70A82C35993D005CC9D1 /* Build configuration list for PBXNativeTarget "AppSocialHealthTests" */ = {
			isa = XCConfigurationList;
			buildConfigurations = (
				D2EA70A92C35993D005CC9D1 /* Debug */,
				D2EA70AA2C35993D005CC9D1 /* Release */,
			);
			defaultConfigurationIsVisible = 0;
			defaultConfigurationName = Release;
		};
		D2EA70AB2C35993D005CC9D1 /* Build configuration list for PBXNativeTarget "AppSocialHealthUITests" */ = {
			isa = XCConfigurationList;
			buildConfigurations = (
				D2EA70AC2C35993D005CC9D1 /* Debug */,
				D2EA70AD2C35993D005CC9D1 /* Release */,
			);
			defaultConfigurationIsVisible = 0;
			defaultConfigurationName = Release;
		};
/* End XCConfigurationList section */
	};
	rootObject = D2EA70792C359939005CC9D1 /* Project object */;
}
